
Microsoft Visual Studio Solution File, Format Version 12.00
Project("{FAE04EC0-301F-11D3-BF4B-00C04F79EFBC}") = "whatmedoin-cli-windows", "whatmedoin-cli-windows.csproj", "{F085A93D-FB93-4025-A5D1-187ADFF22440}"
EndProject
Global
	GlobalSection(SolutionConfigurationPlatforms) = preSolution
		Debug|Any CPU = Debug|Any CPU
		Release|Any CPU = Release|Any CPU
	EndGlobalSection
	GlobalSection(ProjectConfigurationPlatforms) = postSolution
		{F085A93D-FB93-4025-A5D1-187ADFF22440}.Debug|Any CPU.ActiveCfg = Debug|Any CPU
		{F085A93D-FB93-4025-A5D1-187ADFF22440}.Debug|Any CPU.Build.0 = Debug|Any CPU
		{F085A93D-FB93-4025-A5D1-187ADFF22440}.Release|Any CPU.ActiveCfg = Release|Any CPU
		{F085A93D-FB93-4025-A5D1-187ADFF22440}.Release|Any CPU.Build.0 = Release|Any CPU
	EndGlobalSection
EndGlobal
